
Microsoft Visual Studio Solution File, Format Version 12.00
# Visual Studio Version 17
VisualStudioVersion = 17.2.32630.192
MinimumVisualStudioVersion = 10.0.40219.1
Project("{9A19103F-16F7-4668-BE54-9A1E7A4F7556}") = "RevitAddin.DA.Tester", "RevitAddin.DA.Tester\RevitAddin.DA.Tester.csproj", "{7C324916-9F8D-43B0-B226-DA67D2504393}"
EndProject
Project("{9A19103F-16F7-4668-BE54-9A1E7A4F7556}") = "Build", "Build\Build.csproj", "{99BC4B5A-3BB9-464B-AA8E-4A377FB77D04}"
EndProject
Project("{2150E333-8FDC-42A3-9474-1A3956D46DE8}") = "Solution", "Solution", "{64A2F0FA-4270-45D5-B9DB-3561832ADA42}"
	ProjectSection(SolutionItems) = preProject
		CHANGELOG.md = CHANGELOG.md
		LICENSE = LICENSE
		README.md = README.md
	EndProjectSection
EndProject
Project("{9A19103F-16F7-4668-BE54-9A1E7A4F7556}") = "DesignAutomationConsole", "DesignAutomationConsole\DesignAutomationConsole.csproj", "{7F41BE81-4EFB-4FAC-8563-B5EDAEA9F44B}"
EndProject
Project("{FAE04EC0-301F-11D3-BF4B-00C04F79EFBC}") = "ricaun.Forge.DesignAutomation", "ricaun.Forge.DesignAutomation\ricaun.Forge.DesignAutomation.csproj", "{672964E7-EE68-4CD9-B7FD-853711348576}"
EndProject
Project("{FAE04EC0-301F-11D3-BF4B-00C04F79EFBC}") = "ricaun.Forge.DesignAutomation.Tests", "ricaun.Forge.DesignAutomation.Tests\ricaun.Forge.DesignAutomation.Tests.csproj", "{7F379DF1-6C8D-48F6-B1F8-4B5D0BD69CF6}"
EndProject
Global
	GlobalSection(SolutionConfigurationPlatforms) = preSolution
		Debug|Any CPU = Debug|Any CPU
		Release|Any CPU = Release|Any CPU
	EndGlobalSection
	GlobalSection(ProjectConfigurationPlatforms) = postSolution
		{7C324916-9F8D-43B0-B226-DA67D2504393}.Debug|Any CPU.ActiveCfg = Debug|Any CPU
		{7C324916-9F8D-43B0-B226-DA67D2504393}.Debug|Any CPU.Build.0 = Debug|Any CPU
		{7C324916-9F8D-43B0-B226-DA67D2504393}.Release|Any CPU.ActiveCfg = Release|Any CPU
		{7C324916-9F8D-43B0-B226-DA67D2504393}.Release|Any CPU.Build.0 = Release|Any CPU
		{99BC4B5A-3BB9-464B-AA8E-4A377FB77D04}.Debug|Any CPU.ActiveCfg = Debug|Any CPU
		{99BC4B5A-3BB9-464B-AA8E-4A377FB77D04}.Release|Any CPU.ActiveCfg = Release|Any CPU
		{7F41BE81-4EFB-4FAC-8563-B5EDAEA9F44B}.Debug|Any CPU.ActiveCfg = Debug|Any CPU
		{7F41BE81-4EFB-4FAC-8563-B5EDAEA9F44B}.Debug|Any CPU.Build.0 = Debug|Any CPU
		{7F41BE81-4EFB-4FAC-8563-B5EDAEA9F44B}.Release|Any CPU.ActiveCfg = Release|Any CPU
		{7F41BE81-4EFB-4FAC-8563-B5EDAEA9F44B}.Release|Any CPU.Build.0 = Release|Any CPU
		{672964E7-EE68-4CD9-B7FD-853711348576}.Debug|Any CPU.ActiveCfg = Debug|Any CPU
		{672964E7-EE68-4CD9-B7FD-853711348576}.Debug|Any CPU.Build.0 = Debug|Any CPU
		{672964E7-EE68-4CD9-B7FD-853711348576}.Release|Any CPU.ActiveCfg = Release|Any CPU
		{672964E7-EE68-4CD9-B7FD-853711348576}.Release|Any CPU.Build.0 = Release|Any CPU
		{7F379DF1-6C8D-48F6-B1F8-4B5D0BD69CF6}.Debug|Any CPU.ActiveCfg = Debug|Any CPU
		{7F379DF1-6C8D-48F6-B1F8-4B5D0BD69CF6}.Debug|Any CPU.Build.0 = Debug|Any CPU
		{7F379DF1-6C8D-48F6-B1F8-4B5D0BD69CF6}.Release|Any CPU.ActiveCfg = Release|Any CPU
		{7F379DF1-6C8D-48F6-B1F8-4B5D0BD69CF6}.Release|Any CPU.Build.0 = Release|Any CPU
	EndGlobalSection
	GlobalSection(SolutionProperties) = preSolution
		HideSolutionNode = FALSE
	EndGlobalSection
	GlobalSection(ExtensibilityGlobals) = postSolution
		SolutionGuid = {A62BD73A-4469-4188-B25B-3958364DC778}
	EndGlobalSection
EndGlobal
